
Microsoft Visual Studio Solution File, Format Version 12.00
# Visual Studio Version 16
VisualStudioVersion = 16.0.29318.209
MinimumVisualStudioVersion = 10.0.40219.1
Project("{FAE04EC0-301F-11D3-BF4B-00C04F79EFBC}") = "Excecoes", "Excecoes\Excecoes.csproj", "{13D6E5ED-828F-4E56-A3EE-5422A607DD68}"
EndProject
Global
	GlobalSection(SolutionConfigurationPlatforms) = preSolution
		Debug|Any CPU = Debug|Any CPU
		Release|Any CPU = Release|Any CPU
	EndGlobalSection
	GlobalSection(ProjectConfigurationPlatforms) = postSolution
		{13D6E5ED-828F-4E56-A3EE-5422A607DD68}.Debug|Any CPU.ActiveCfg = Debug|Any CPU
		{13D6E5ED-828F-4E56-A3EE-5422A607DD68}.Debug|Any CPU.Build.0 = Debug|Any CPU
		{13D6E5ED-828F-4E56-A3EE-5422A607DD68}.Release|Any CPU.ActiveCfg = Release|Any CPU
		{13D6E5ED-828F-4E56-A3EE-5422A607DD68}.Release|Any CPU.Build.0 = Release|Any CPU
	EndGlobalSection
	GlobalSection(SolutionProperties) = preSolution
		HideSolutionNode = FALSE
	EndGlobalSection
	GlobalSection(ExtensibilityGlobals) = postSolution
		SolutionGuid = {1A9FECE7-7B6A-425D-950C-912F138EE55A}
	EndGlobalSection
EndGlobal
